
Microsoft Visual Studio Solution File, Format Version 12.00
# Visual Studio Version 17
VisualStudioVersion = 17.5.33516.290
MinimumVisualStudioVersion = 10.0.40219.1
Project("{FAE04EC0-301F-11D3-BF4B-00C04F79EFBC}") = "CS_yp", "CS_yp\CS_yp.csproj", "{64B7B414-FAB9-4CBE-8F60-EEE573A5DC15}"
EndProject
Global
	GlobalSection(SolutionConfigurationPlatforms) = preSolution
		Debug|Any CPU = Debug|Any CPU
		Release|Any CPU = Release|Any CPU
	EndGlobalSection
	GlobalSection(ProjectConfigurationPlatforms) = postSolution
		{64B7B414-FAB9-4CBE-8F60-EEE573A5DC15}.Debug|Any CPU.ActiveCfg = Debug|Any CPU
		{64B7B414-FAB9-4CBE-8F60-EEE573A5DC15}.Debug|Any CPU.Build.0 = Debug|Any CPU
		{64B7B414-FAB9-4CBE-8F60-EEE573A5DC15}.Release|Any CPU.ActiveCfg = Release|Any CPU
		{64B7B414-FAB9-4CBE-8F60-EEE573A5DC15}.Release|Any CPU.Build.0 = Release|Any CPU
	EndGlobalSection
	GlobalSection(SolutionProperties) = preSolution
		HideSolutionNode = FALSE
	EndGlobalSection
	GlobalSection(ExtensibilityGlobals) = postSolution
		SolutionGuid = {C211019F-5394-4984-8C32-9F4C9FD3DC70}
	EndGlobalSection
EndGlobal
